// !$*UTF8*$!
{
	archiveVersion = 1;
	classes = {
	};
	objectVersion = 48;
	objects = {

/* Begin PBXBuildFile section */
		ED20E29C20836F07006A674D /* WebKit.framework in Frameworks */ = {isa = PBXBuildFile; fileRef = ED20E29A208224C0006A674D /* WebKit.framework */; };
		ED9B84FF20722893007150AD /* MainViewController.m in Sources */ = {isa = PBXBuildFile; fileRef = ED9B84FD20722893007150AD /* MainViewController.m */; };
		ED9B851220726C65007150AD /* main.m in Sources */ = {isa = PBXBuildFile; fileRef = ED9B851120726C65007150AD /* main.m */; };
		ED9B85542072710A007150AD /* Main.storyboard in Resources */ = {isa = PBXBuildFile; fileRef = ED9B85532072710A007150AD /* Main.storyboard */; };
		EDFCED87206ACA520085DF5D /* AppDelegate.m in Sources */ = {isa = PBXBuildFile; fileRef = EDFCED86206ACA520085DF5D /* AppDelegate.m */; };
		EDFCED8F206ACA520085DF5D /* Assets.xcassets in Resources */ = {isa = PBXBuildFile; fileRef = EDFCED8E206ACA520085DF5D /* Assets.xcassets */; };
		EDFCED92206ACA520085DF5D /* LaunchScreen.storyboard in Resources */ = {isa = PBXBuildFile; fileRef = EDFCED90206ACA520085DF5D /* LaunchScreen.storyboard */; };
		EDFCED9F206ACA520085DF5D /* JobkaartTests.m in Sources */ = {isa = PBXBuildFile; fileRef = EDFCED9E206ACA520085DF5D /* JobkaartTests.m */; };
		EDFCEDAA206ACA520085DF5D /* JobkaartUITests.m in Sources */ = {isa = PBXBuildFile; fileRef = EDFCEDA9206ACA520085DF5D /* JobkaartUITests.m */; };
		EDFCEDB9206ACB3E0085DF5D /* DatabaseController.m in Sources */ = {isa = PBXBuildFile; fileRef = EDFCEDB8206ACB3E0085DF5D /* DatabaseController.m */; };
		EDFCEDBF206ACBF30085DF5D /* ImageFunctions.m in Sources */ = {isa = PBXBuildFile; fileRef = EDFCEDBE206ACBF30085DF5D /* ImageFunctions.m */; };
		EDFCEDC2206ACC120085DF5D /* Job.m in Sources */ = {isa = PBXBuildFile; fileRef = EDFCEDC1206ACC120085DF5D /* Job.m */; };
		EDFCEDC5206ACC300085DF5D /* JobCard.m in Sources */ = {isa = PBXBuildFile; fileRef = EDFCEDC4206ACC300085DF5D /* JobCard.m */; };
		EDFCEDC8206ACC4E0085DF5D /* JobView.m in Sources */ = {isa = PBXBuildFile; fileRef = EDFCEDC7206ACC4E0085DF5D /* JobView.m */; };
		EDFCEDCE206ACCA60085DF5D /* PictureOverlayView.m in Sources */ = {isa = PBXBuildFile; fileRef = EDFCEDCD206ACCA60085DF5D /* PictureOverlayView.m */; };
		EDFCEDD1206ACCC50085DF5D /* PictureViewController.m in Sources */ = {isa = PBXBuildFile; fileRef = EDFCEDD0206ACCC50085DF5D /* PictureViewController.m */; };
		EDFCEDD7206ACD090085DF5D /* JobCardRenderer.m in Sources */ = {isa = PBXBuildFile; fileRef = EDFCEDD6206ACD090085DF5D /* JobCardRenderer.m */; };
		EDFCEDDA206ACD2D0085DF5D /* PDFViewController.m in Sources */ = {isa = PBXBuildFile; fileRef = EDFCEDD9206ACD2D0085DF5D /* PDFViewController.m */; };
		EDFCEDDD206ACD7A0085DF5D /* JobCards.sql in Resources */ = {isa = PBXBuildFile; fileRef = EDFCEDDC206ACD7A0085DF5D /* JobCards.sql */; };
		EDFCEDDE206ACD7A0085DF5D /* JobCards.sql in Resources */ = {isa = PBXBuildFile; fileRef = EDFCEDDC206ACD7A0085DF5D /* JobCards.sql */; };
		EDFCEDDF206ACD7A0085DF5D /* JobCards.sql in Resources */ = {isa = PBXBuildFile; fileRef = EDFCEDDC206ACD7A0085DF5D /* JobCards.sql */; };
/* End PBXBuildFile section */

/* Begin PBXContainerItemProxy section */
		EDFCED9B206ACA520085DF5D /* PBXContainerItemProxy */ = {
			isa = PBXContainerItemProxy;
			containerPortal = EDFCED7A206ACA520085DF5D /* Project object */;
			proxyType = 1;
			remoteGlobalIDString = EDFCED81206ACA520085DF5D;
			remoteInfo = Jobkaart;
		};
		EDFCEDA6206ACA520085DF5D /* PBXContainerItemProxy */ = {
			isa = PBXContainerItemProxy;
			containerPortal = EDFCED7A206ACA520085DF5D /* Project object */;
			proxyType = 1;
			remoteGlobalIDString = EDFCED81206ACA520085DF5D;
			remoteInfo = Jobkaart;
		};
/* End PBXContainerItemProxy section */

/* Begin PBXFileReference section */
		ED20E29A208224C0006A674D /* WebKit.framework */ = {isa = PBXFileReference; lastKnownFileType = wrapper.framework; name = WebKit.framework; path = System/Library/Frameworks/WebKit.framework; sourceTree = SDKROOT; };
		ED9B84FC20722893007150AD /* MainViewController.h */ = {isa = PBXFileReference; lastKnownFileType = sourcecode.c.h; path = MainViewController.h; sourceTree = "<group>"; };
		ED9B84FD20722893007150AD /* MainViewController.m */ = {isa = PBXFileReference; lastKnownFileType = sourcecode.c.objc; path = MainViewController.m; sourceTree = "<group>"; };
		ED9B851120726C65007150AD /* main.m */ = {isa = PBXFileReference; lastKnownFileType = sourcecode.c.objc; path = main.m; sourceTree = "<group>"; };
		ED9B85532072710A007150AD /* Main.storyboard */ = {isa = PBXFileReference; lastKnownFileType = file.storyboard; path = Main.storyboard; sourceTree = "<group>"; };
		EDFCED82206ACA520085DF5D /* Jobkaart.app */ = {isa = PBXFileReference; explicitFileType = wrapper.application; includeInIndex = 0; path = Jobkaart.app; sourceTree = BUILT_PRODUCTS_DIR; };
		EDFCED85206ACA520085DF5D /* AppDelegate.h */ = {isa = PBXFileReference; lastKnownFileType = sourcecode.c.h; path = AppDelegate.h; sourceTree = "<group>"; };
		EDFCED86206ACA520085DF5D /* AppDelegate.m */ = {isa = PBXFileReference; lastKnownFileType = sourcecode.c.objc; path = AppDelegate.m; sourceTree = "<group>"; };
		EDFCED8E206ACA520085DF5D /* Assets.xcassets */ = {isa = PBXFileReference; lastKnownFileType = folder.assetcatalog; path = Assets.xcassets; sourceTree = "<group>"; };
		EDFCED91206ACA520085DF5D /* Base */ = {isa = PBXFileReference; lastKnownFileType = file.storyboard; name = Base; path = Base.lproj/LaunchScreen.storyboard; sourceTree = "<group>"; };
		EDFCED93206ACA520085DF5D /* Info.plist */ = {isa = PBXFileReference; lastKnownFileType = text.plist.xml; path = Info.plist; sourceTree = "<group>"; };
		EDFCED9A206ACA520085DF5D /* JobkaartTests.xctest */ = {isa = PBXFileReference; explicitFileType = wrapper.cfbundle; includeInIndex = 0; path = JobkaartTests.xctest; sourceTree = BUILT_PRODUCTS_DIR; };
		EDFCED9E206ACA520085DF5D /* JobkaartTests.m */ = {isa = PBXFileReference; lastKnownFileType = sourcecode.c.objc; path = JobkaartTests.m; sourceTree = "<group>"; };
		EDFCEDA0206ACA520085DF5D /* Info.plist */ = {isa = PBXFileReference; lastKnownFileType = text.plist.xml; path = Info.plist; sourceTree = "<group>"; };
		EDFCEDA5206ACA520085DF5D /* JobkaartUITests.xctest */ = {isa = PBXFileReference; explicitFileType = wrapper.cfbundle; includeInIndex = 0; path = JobkaartUITests.xctest; sourceTree = BUILT_PRODUCTS_DIR; };
		EDFCEDA9206ACA520085DF5D /* JobkaartUITests.m */ = {isa = PBXFileReference; lastKnownFileType = sourcecode.c.objc; path = JobkaartUITests.m; sourceTree = "<group>"; };
		EDFCEDAB206ACA520085DF5D /* Info.plist */ = {isa = PBXFileReference; lastKnownFileType = text.plist.xml; path = Info.plist; sourceTree = "<group>"; };
		EDFCEDB7206ACB3E0085DF5D /* DatabaseController.h */ = {isa = PBXFileReference; lastKnownFileType = sourcecode.c.h; path = DatabaseController.h; sourceTree = "<group>"; };
		EDFCEDB8206ACB3E0085DF5D /* DatabaseController.m */ = {isa = PBXFileReference; lastKnownFileType = sourcecode.c.objc; path = DatabaseController.m; sourceTree = "<group>"; };
		EDFCEDBD206ACBF30085DF5D /* ImageFunctions.h */ = {isa = PBXFileReference; lastKnownFileType = sourcecode.c.h; path = ImageFunctions.h; sourceTree = "<group>"; };
		EDFCEDBE206ACBF30085DF5D /* ImageFunctions.m */ = {isa = PBXFileReference; lastKnownFileType = sourcecode.c.objc; path = ImageFunctions.m; sourceTree = "<group>"; };
		EDFCEDC0206ACC120085DF5D /* Job.h */ = {isa = PBXFileReference; lastKnownFileType = sourcecode.c.h; path = Job.h; sourceTree = "<group>"; };
		EDFCEDC1206ACC120085DF5D /* Job.m */ = {isa = PBXFileReference; lastKnownFileType = sourcecode.c.objc; path = Job.m; sourceTree = "<group>"; };
		EDFCEDC3206ACC300085DF5D /* JobCard.h */ = {isa = PBXFileReference; lastKnownFileType = sourcecode.c.h; path = JobCard.h; sourceTree = "<group>"; };
		EDFCEDC4206ACC300085DF5D /* JobCard.m */ = {isa = PBXFileReference; lastKnownFileType = sourcecode.c.objc; path = JobCard.m; sourceTree = "<group>"; };
		EDFCEDC6206ACC4E0085DF5D /* JobView.h */ = {isa = PBXFileReference; lastKnownFileType = sourcecode.c.h; path = JobView.h; sourceTree = "<group>"; };
		EDFCEDC7206ACC4E0085DF5D /* JobView.m */ = {isa = PBXFileReference; lastKnownFileType = sourcecode.c.objc; path = JobView.m; sourceTree = "<group>"; };
		EDFCEDCC206ACCA60085DF5D /* PictureOverlayView.h */ = {isa = PBXFileReference; lastKnownFileType = sourcecode.c.h; path = PictureOverlayView.h; sourceTree = "<group>"; };
		EDFCEDCD206ACCA60085DF5D /* PictureOverlayView.m */ = {isa = PBXFileReference; lastKnownFileType = sourcecode.c.objc; path = PictureOverlayView.m; sourceTree = "<group>"; };
		EDFCEDCF206ACCC50085DF5D /* PictureViewController.h */ = {isa = PBXFileReference; lastKnownFileType = sourcecode.c.h; path = PictureViewController.h; sourceTree = "<group>"; };
		EDFCEDD0206ACCC50085DF5D /* PictureViewController.m */ = {isa = PBXFileReference; lastKnownFileType = sourcecode.c.objc; path = PictureViewController.m; sourceTree = "<group>"; };
		EDFCEDD5206ACD090085DF5D /* JobCardRenderer.h */ = {isa = PBXFileReference; lastKnownFileType = sourcecode.c.h; path = JobCardRenderer.h; sourceTree = "<group>"; };
		EDFCEDD6206ACD090085DF5D /* JobCardRenderer.m */ = {isa = PBXFileReference; lastKnownFileType = sourcecode.c.objc; path = JobCardRenderer.m; sourceTree = "<group>"; };
		EDFCEDD8206ACD2D0085DF5D /* PDFViewController.h */ = {isa = PBXFileReference; lastKnownFileType = sourcecode.c.h; path = PDFViewController.h; sourceTree = "<group>"; };
		EDFCEDD9206ACD2D0085DF5D /* PDFViewController.m */ = {isa = PBXFileReference; lastKnownFileType = sourcecode.c.objc; path = PDFViewController.m; sourceTree = "<group>"; };
		EDFCEDDC206ACD7A0085DF5D /* JobCards.sql */ = {isa = PBXFileReference; lastKnownFileType = file; path = JobCards.sql; sourceTree = "<group>"; };
/* End PBXFileReference section */

/* Begin PBXFrameworksBuildPhase section */
		EDFCED7F206ACA520085DF5D /* Frameworks */ = {
			isa = PBXFrameworksBuildPhase;
			buildActionMask = 2147483647;
			files = (
				ED20E29C20836F07006A674D /* WebKit.framework in Frameworks */,
			);
			runOnlyForDeploymentPostprocessing = 0;
		};
		EDFCED97206ACA520085DF5D /* Frameworks */ = {
			isa = PBXFrameworksBuildPhase;
			buildActionMask = 2147483647;
			files = (
			);
			runOnlyForDeploymentPostprocessing = 0;
		};
		EDFCEDA2206ACA520085DF5D /* Frameworks */ = {
			isa = PBXFrameworksBuildPhase;
			buildActionMask = 2147483647;
			files = (
			);
			runOnlyForDeploymentPostprocessing = 0;
		};
/* End PBXFrameworksBuildPhase section */

/* Begin PBXGroup section */
		ED20E299208224C0006A674D /* Frameworks */ = {
			isa = PBXGroup;
			children = (
				ED20E29A208224C0006A674D /* WebKit.framework */,
			);
			name = Frameworks;
			sourceTree = "<group>";
		};
		ED9B85572072C2A2007150AD /* Models */ = {
			isa = PBXGroup;
			children = (
				EDFCEDB7206ACB3E0085DF5D /* DatabaseController.h */,
				EDFCEDB8206ACB3E0085DF5D /* DatabaseController.m */,
				EDFCEDC0206ACC120085DF5D /* Job.h */,
				EDFCEDC1206ACC120085DF5D /* Job.m */,
				EDFCEDC3206ACC300085DF5D /* JobCard.h */,
				EDFCEDC4206ACC300085DF5D /* JobCard.m */,
			);
			path = Models;
			sourceTree = "<group>";
		};
		ED9B85582072C2DA007150AD /* Utils */ = {
			isa = PBXGroup;
			children = (
				EDFCEDBD206ACBF30085DF5D /* ImageFunctions.h */,
				EDFCEDBE206ACBF30085DF5D /* ImageFunctions.m */,
				EDFCEDD5206ACD090085DF5D /* JobCardRenderer.h */,
				EDFCEDD6206ACD090085DF5D /* JobCardRenderer.m */,
			);
			path = Utils;
			sourceTree = "<group>";
		};
		EDFCED79206ACA520085DF5D = {
			isa = PBXGroup;
			children = (
				EDFCED84206ACA520085DF5D /* Jobkaart */,
				EDFCED9D206ACA520085DF5D /* JobkaartTests */,
				EDFCEDA8206ACA520085DF5D /* JobkaartUITests */,
				EDFCED83206ACA520085DF5D /* Products */,
				ED20E299208224C0006A674D /* Frameworks */,
			);
			sourceTree = "<group>";
		};
		EDFCED83206ACA520085DF5D /* Products */ = {
			isa = PBXGroup;
			children = (
				EDFCED82206ACA520085DF5D /* Jobkaart.app */,
				EDFCED9A206ACA520085DF5D /* JobkaartTests.xctest */,
				EDFCEDA5206ACA520085DF5D /* JobkaartUITests.xctest */,
			);
			name = Products;
			sourceTree = "<group>";
		};
		EDFCED84206ACA520085DF5D /* Jobkaart */ = {
			isa = PBXGroup;
			children = (
				EDFCED85206ACA520085DF5D /* AppDelegate.h */,
				EDFCED86206ACA520085DF5D /* AppDelegate.m */,
				ED9B85532072710A007150AD /* Main.storyboard */,
				ED9B84FC20722893007150AD /* MainViewController.h */,
				ED9B84FD20722893007150AD /* MainViewController.m */,
				EDFCEDC6206ACC4E0085DF5D /* JobView.h */,
				EDFCEDC7206ACC4E0085DF5D /* JobView.m */,
				EDFCEDCC206ACCA60085DF5D /* PictureOverlayView.h */,
				EDFCEDCD206ACCA60085DF5D /* PictureOverlayView.m */,
				EDFCEDCF206ACCC50085DF5D /* PictureViewController.h */,
				EDFCEDD0206ACCC50085DF5D /* PictureViewController.m */,
				EDFCEDD8206ACD2D0085DF5D /* PDFViewController.h */,
				EDFCEDD9206ACD2D0085DF5D /* PDFViewController.m */,
				ED9B85572072C2A2007150AD /* Models */,
				ED9B85582072C2DA007150AD /* Utils */,
				EDFCED8E206ACA520085DF5D /* Assets.xcassets */,
				ED9B851120726C65007150AD /* main.m */,
				EDFCED90206ACA520085DF5D /* LaunchScreen.storyboard */,
				EDFCED93206ACA520085DF5D /* Info.plist */,
				EDFCEDDB206ACD550085DF5D /* Supporting Files */,
			);
			path = Jobkaart;
			sourceTree = "<group>";
		};
		EDFCED9D206ACA520085DF5D /* JobkaartTests */ = {
			isa = PBXGroup;
			children = (
				EDFCED9E206ACA520085DF5D /* JobkaartTests.m */,
				EDFCEDA0206ACA520085DF5D /* Info.plist */,
			);
			path = JobkaartTests;
			sourceTree = "<group>";
		};
		EDFCEDA8206ACA520085DF5D /* JobkaartUITests */ = {
			isa = PBXGroup;
			children = (
				EDFCEDA9206ACA520085DF5D /* JobkaartUITests.m */,
				EDFCEDAB206ACA520085DF5D /* Info.plist */,
			);
			path = JobkaartUITests;
			sourceTree = "<group>";
		};
		EDFCEDDB206ACD550085DF5D /* Supporting Files */ = {
			isa = PBXGroup;
			children = (
				EDFCEDDC206ACD7A0085DF5D /* JobCards.sql */,
			);
			path = "Supporting Files";
			sourceTree = "<group>";
		};
/* End PBXGroup section */

/* Begin PBXNativeTarget section */
		EDFCED81206ACA520085DF5D /* Jobkaart */ = {
			isa = PBXNativeTarget;
			buildConfigurationList = EDFCEDAE206ACA520085DF5D /* Build configuration list for PBXNativeTarget "Jobkaart" */;
			buildPhases = (
				EDFCED7E206ACA520085DF5D /* Sources */,
				EDFCED7F206ACA520085DF5D /* Frameworks */,
				EDFCED80206ACA520085DF5D /* Resources */,
			);
			buildRules = (
			);
			dependencies = (
			);
			name = Jobkaart;
			productName = Jobkaart;
			productReference = EDFCED82206ACA520085DF5D /* Jobkaart.app */;
			productType = "com.apple.product-type.application";
		};
		EDFCED99206ACA520085DF5D /* JobkaartTests */ = {
			isa = PBXNativeTarget;
			buildConfigurationList = EDFCEDB1206ACA520085DF5D /* Build configuration list for PBXNativeTarget "JobkaartTests" */;
			buildPhases = (
				EDFCED96206ACA520085DF5D /* Sources */,
				EDFCED97206ACA520085DF5D /* Frameworks */,
				EDFCED98206ACA520085DF5D /* Resources */,
			);
			buildRules = (
			);
			dependencies = (
				EDFCED9C206ACA520085DF5D /* PBXTargetDependency */,
			);
			name = JobkaartTests;
			productName = JobkaartTests;
			productReference = EDFCED9A206ACA520085DF5D /* JobkaartTests.xctest */;
			productType = "com.apple.product-type.bundle.unit-test";
		};
		EDFCEDA4206ACA520085DF5D /* JobkaartUITests */ = {
			isa = PBXNativeTarget;
			buildConfigurationList = EDFCEDB4206ACA520085DF5D /* Build configuration list for PBXNativeTarget "JobkaartUITests" */;
			buildPhases = (
				EDFCEDA1206ACA520085DF5D /* Sources */,
				EDFCEDA2206ACA520085DF5D /* Frameworks */,
				EDFCEDA3206ACA520085DF5D /* Resources */,
			);
			buildRules = (
			);
			dependencies = (
				EDFCEDA7206ACA520085DF5D /* PBXTargetDependency */,
			);
			name = JobkaartUITests;
			productName = JobkaartUITests;
			productReference = EDFCEDA5206ACA520085DF5D /* JobkaartUITests.xctest */;
			productType = "com.apple.product-type.bundle.ui-testing";
		};
/* End PBXNativeTarget section */

/* Begin PBXProject section */
		EDFCED7A206ACA520085DF5D /* Project object */ = {
			isa = PBXProject;
			attributes = {
				LastUpgradeCheck = 0930;
				ORGANIZATIONNAME = Lodewijck;
				TargetAttributes = {
					EDFCED81206ACA520085DF5D = {
						CreatedOnToolsVersion = 9.2;
						ProvisioningStyle = Automatic;
					};
					EDFCED99206ACA520085DF5D = {
						CreatedOnToolsVersion = 9.2;
						ProvisioningStyle = Automatic;
						TestTargetID = EDFCED81206ACA520085DF5D;
					};
					EDFCEDA4206ACA520085DF5D = {
						CreatedOnToolsVersion = 9.2;
						ProvisioningStyle = Automatic;
						TestTargetID = EDFCED81206ACA520085DF5D;
					};
				};
			};
			buildConfigurationList = EDFCED7D206ACA520085DF5D /* Build configuration list for PBXProject "Jobkaart" */;
			compatibilityVersion = "Xcode 8.0";
			developmentRegion = en;
			hasScannedForEncodings = 0;
			knownRegions = (
				en,
				Base,
			);
			mainGroup = EDFCED79206ACA520085DF5D;
			productRefGroup = EDFCED83206ACA520085DF5D /* Products */;
			projectDirPath = "";
			projectRoot = "";
			targets = (
				EDFCED81206ACA520085DF5D /* Jobkaart */,
				EDFCED99206ACA520085DF5D /* JobkaartTests */,
				EDFCEDA4206ACA520085DF5D /* JobkaartUITests */,
			);
		};
/* End PBXProject section */

/* Begin PBXResourcesBuildPhase section */
		EDFCED80206ACA520085DF5D /* Resources */ = {
			isa = PBXResourcesBuildPhase;
			buildActionMask = 2147483647;
			files = (
				EDFCED92206ACA520085DF5D /* LaunchScreen.storyboard in Resources */,
				EDFCED8F206ACA520085DF5D /* Assets.xcassets in Resources */,
				ED9B85542072710A007150AD /* Main.storyboard in Resources */,
				EDFCEDDD206ACD7A0085DF5D /* JobCards.sql in Resources */,
			);
			runOnlyForDeploymentPostprocessing = 0;
		};
		EDFCED98206ACA520085DF5D /* Resources */ = {
			isa = PBXResourcesBuildPhase;
			buildActionMask = 2147483647;
			files = (
				EDFCEDDE206ACD7A0085DF5D /* JobCards.sql in Resources */,
			);
			runOnlyForDeploymentPostprocessing = 0;
		};
		EDFCEDA3206ACA520085DF5D /* Resources */ = {
			isa = PBXResourcesBuildPhase;
			buildActionMask = 2147483647;
			files = (
				EDFCEDDF206ACD7A0085DF5D /* JobCards.sql in Resources */,
			);
			runOnlyForDeploymentPostprocessing = 0;
		};
/* End PBXResourcesBuildPhase section */

/* Begin PBXSourcesBuildPhase section */
		EDFCED7E206ACA520085DF5D /* Sources */ = {
			isa = PBXSourcesBuildPhase;
			buildActionMask = 2147483647;
			files = (
				EDFCEDDA206ACD2D0085DF5D /* PDFViewController.m in Sources */,
				EDFCEDD1206ACCC50085DF5D /* PictureViewController.m in Sources */,
				EDFCEDB9206ACB3E0085DF5D /* DatabaseController.m in Sources */,
				EDFCEDC5206ACC300085DF5D /* JobCard.m in Sources */,
				EDFCEDC8206ACC4E0085DF5D /* JobView.m in Sources */,
				EDFCED87206ACA520085DF5D /* AppDelegate.m in Sources */,
				ED9B84FF20722893007150AD /* MainViewController.m in Sources */,
				EDFCEDBF206ACBF30085DF5D /* ImageFunctions.m in Sources */,
				EDFCEDD7206ACD090085DF5D /* JobCardRenderer.m in Sources */,
				EDFCEDC2206ACC120085DF5D /* Job.m in Sources */,
				ED9B851220726C65007150AD /* main.m in Sources */,
				EDFCEDCE206ACCA60085DF5D /* PictureOverlayView.m in Sources */,
			);
			runOnlyForDeploymentPostprocessing = 0;
		};
		EDFCED96206ACA520085DF5D /* Sources */ = {
			isa = PBXSourcesBuildPhase;
			buildActionMask = 2147483647;
			files = (
				EDFCED9F206ACA520085DF5D /* JobkaartTests.m in Sources */,
			);
			runOnlyForDeploymentPostprocessing = 0;
		};
		EDFCEDA1206ACA520085DF5D /* Sources */ = {
			isa = PBXSourcesBuildPhase;
			buildActionMask = 2147483647;
			files = (
				EDFCEDAA206ACA520085DF5D /* JobkaartUITests.m in Sources */,
			);
			runOnlyForDeploymentPostprocessing = 0;
		};
/* End PBXSourcesBuildPhase section */

/* Begin PBXTargetDependency section */
		EDFCED9C206ACA520085DF5D /* PBXTargetDependency */ = {
			isa = PBXTargetDependency;
			target = EDFCED81206ACA520085DF5D /* Jobkaart */;
			targetProxy = EDFCED9B206ACA520085DF5D /* PBXContainerItemProxy */;
		};
		EDFCEDA7206ACA520085DF5D /* PBXTargetDependency */ = {
			isa = PBXTargetDependency;
			target = EDFCED81206ACA520085DF5D /* Jobkaart */;
			targetProxy = EDFCEDA6206ACA520085DF5D /* PBXContainerItemProxy */;
		};
/* End PBXTargetDependency section */

/* Begin PBXVariantGroup section */
		EDFCED90206ACA520085DF5D /* LaunchScreen.storyboard */ = {
			isa = PBXVariantGroup;
			children = (
				EDFCED91206ACA520085DF5D /* Base */,
			);
			name = LaunchScreen.storyboard;
			sourceTree = "<group>";
		};
/* End PBXVariantGroup section */

/* Begin XCBuildConfiguration section */
		EDFCEDAC206ACA520085DF5D /* Debug */ = {
			isa = XCBuildConfiguration;
			buildSettings = {
				ALWAYS_SEARCH_USER_PATHS = NO;
				CLANG_ANALYZER_NONNULL = YES;
				CLANG_ANALYZER_NUMBER_OBJECT_CONVERSION = YES_AGGRESSIVE;
				CLANG_CXX_LANGUAGE_STANDARD = "gnu++14";
				CLANG_CXX_LIBRARY = "libc++";
				CLANG_ENABLE_MODULES = YES;
				CLANG_ENABLE_OBJC_ARC = YES;
				CLANG_WARN_BLOCK_CAPTURE_AUTORELEASING = YES;
				CLANG_WARN_BOOL_CONVERSION = YES;
				CLANG_WARN_COMMA = YES;
				CLANG_WARN_CONSTANT_CONVERSION = YES;
				CLANG_WARN_DEPRECATED_OBJC_IMPLEMENTATIONS = YES;
				CLANG_WARN_DIRECT_OBJC_ISA_USAGE = YES_ERROR;
				CLANG_WARN_DOCUMENTATION_COMMENTS = YES;
				CLANG_WARN_EMPTY_BODY = YES;
				CLANG_WARN_ENUM_CONVERSION = YES;
				CLANG_WARN_INFINITE_RECURSION = YES;
				CLANG_WARN_INT_CONVERSION = YES;
				CLANG_WARN_NON_LITERAL_NULL_CONVERSION = YES;
				CLANG_WARN_OBJC_IMPLICIT_RETAIN_SELF = YES;
				CLANG_WARN_OBJC_LITERAL_CONVERSION = YES;
				CLANG_WARN_OBJC_ROOT_CLASS = YES_ERROR;
				CLANG_WARN_RANGE_LOOP_ANALYSIS = YES;
				CLANG_WARN_STRICT_PROTOTYPES = YES;
				CLANG_WARN_SUSPICIOUS_MOVE = YES;
				CLANG_WARN_UNGUARDED_AVAILABILITY = YES_AGGRESSIVE;
				CLANG_WARN_UNREACHABLE_CODE = YES;
				CLANG_WARN__DUPLICATE_METHOD_MATCH = YES;
				CODE_SIGN_IDENTITY = "iPhone Developer";
				COPY_PHASE_STRIP = NO;
				DEBUG_INFORMATION_FORMAT = dwarf;
				ENABLE_STRICT_OBJC_MSGSEND = YES;
				ENABLE_TESTABILITY = YES;
				GCC_C_LANGUAGE_STANDARD = gnu11;
				GCC_DYNAMIC_NO_PIC = NO;
				GCC_NO_COMMON_BLOCKS = YES;
				GCC_OPTIMIZATION_LEVEL = 0;
				GCC_PREPROCESSOR_DEFINITIONS = (
					"DEBUG=1",
					"$(inherited)",
				);
				GCC_WARN_64_TO_32_BIT_CONVERSION = YES;
				GCC_WARN_ABOUT_RETURN_TYPE = YES_ERROR;
				GCC_WARN_UNDECLARED_SELECTOR = YES;
				GCC_WARN_UNINITIALIZED_AUTOS = YES_AGGRESSIVE;
				GCC_WARN_UNUSED_FUNCTION = YES;
				GCC_WARN_UNUSED_VARIABLE = YES;
				IPHONEOS_DEPLOYMENT_TARGET = 11.2;
				MTL_ENABLE_DEBUG_INFO = YES;
				ONLY_ACTIVE_ARCH = YES;
				SDKROOT = iphoneos;
			};
			name = Debug;
		};
		EDFCEDAD206ACA520085DF5D /* Release */ = {
			isa = XCBuildConfiguration;
			buildSettings = {
				ALWAYS_SEARCH_USER_PATHS = NO;
				CLANG_ANALYZER_NONNULL = YES;
				CLANG_ANALYZER_NUMBER_OBJECT_CONVERSION = YES_AGGRESSIVE;
				CLANG_CXX_LANGUAGE_STANDARD = "gnu++14";
				CLANG_CXX_LIBRARY = "libc++";
				CLANG_ENABLE_MODULES = YES;
				CLANG_ENABLE_OBJC_ARC = YES;
				CLANG_WARN_BLOCK_CAPTURE_AUTORELEASING = YES;
				CLANG_WARN_BOOL_CONVERSION = YES;
				CLANG_WARN_COMMA = YES;
				CLANG_WARN_CONSTANT_CONVERSION = YES;
				CLANG_WARN_DEPRECATED_OBJC_IMPLEMENTATIONS = YES;
				CLANG_WARN_DIRECT_OBJC_ISA_USAGE = YES_ERROR;
				CLANG_WARN_DOCUMENTATION_COMMENTS = YES;
				CLANG_WARN_EMPTY_BODY = YES;
				CLANG_WARN_ENUM_CONVERSION = YES;
				CLANG_WARN_INFINITE_RECURSION = YES;
				CLANG_WARN_INT_CONVERSION = YES;
				CLANG_WARN_NON_LITERAL_NULL_CONVERSION = YES;
				CLANG_WARN_OBJC_IMPLICIT_RETAIN_SELF = YES;
				CLANG_WARN_OBJC_LITERAL_CONVERSION = YES;
				CLANG_WARN_OBJC_ROOT_CLASS = YES_ERROR;
				CLANG_WARN_RANGE_LOOP_ANALYSIS = YES;
				CLANG_WARN_STRICT_PROTOTYPES = YES;
				CLANG_WARN_SUSPICIOUS_MOVE = YES;
				CLANG_WARN_UNGUARDED_AVAILABILITY = YES_AGGRESSIVE;
				CLANG_WARN_UNREACHABLE_CODE = YES;
				CLANG_WARN__DUPLICATE_METHOD_MATCH = YES;
				CODE_SIGN_IDENTITY = "iPhone Developer";
				COPY_PHASE_STRIP = NO;
				DEBUG_INFORMATION_FORMAT = "dwarf-with-dsym";
				ENABLE_NS_ASSERTIONS = NO;
				ENABLE_STRICT_OBJC_MSGSEND = YES;
				GCC_C_LANGUAGE_STANDARD = gnu11;
				GCC_NO_COMMON_BLOCKS = YES;
				GCC_WARN_64_TO_32_BIT_CONVERSION = YES;
				GCC_WARN_ABOUT_RETURN_TYPE = YES_ERROR;
				GCC_WARN_UNDECLARED_SELECTOR = YES;
				GCC_WARN_UNINITIALIZED_AUTOS = YES_AGGRESSIVE;
				GCC_WARN_UNUSED_FUNCTION = YES;
				GCC_WARN_UNUSED_VARIABLE = YES;
				IPHONEOS_DEPLOYMENT_TARGET = 11.2;
				MTL_ENABLE_DEBUG_INFO = NO;
				SDKROOT = iphoneos;
				VALIDATE_PRODUCT = YES;
			};
			name = Release;
		};
		EDFCEDAF206ACA520085DF5D /* Debug */ = {
			isa = XCBuildConfiguration;
			buildSettings = {
				ASSETCATALOG_COMPILER_APPICON_NAME = AppIcon;
				CODE_SIGN_STYLE = Automatic;
				DEVELOPMENT_TEAM = KYCK2JYUQB;
				INFOPLIST_FILE = Jobkaart/Info.plist;
				LD_RUNPATH_SEARCH_PATHS = "$(inherited) @executable_path/Frameworks";
				PRODUCT_BUNDLE_IDENTIFIER = nl.lovocreations.Jobkaart;
				PRODUCT_NAME = "$(TARGET_NAME)";
				TARGETED_DEVICE_FAMILY = "1,2";
			};
			name = Debug;
		};
		EDFCEDB0206ACA520085DF5D /* Release */ = {
			isa = XCBuildConfiguration;
			buildSettings = {
				ASSETCATALOG_COMPILER_APPICON_NAME = AppIcon;
				CODE_SIGN_STYLE = Automatic;
				DEVELOPMENT_TEAM = KYCK2JYUQB;
				INFOPLIST_FILE = Jobkaart/Info.plist;
				LD_RUNPATH_SEARCH_PATHS = "$(inherited) @executable_path/Frameworks";
				PRODUCT_BUNDLE_IDENTIFIER = nl.lovocreations.Jobkaart;
				PRODUCT_NAME = "$(TARGET_NAME)";
				TARGETED_DEVICE_FAMILY = "1,2";
			};
			name = Release;
		};
		EDFCEDB2206ACA520085DF5D /* Debug */ = {
			isa = XCBuildConfiguration;
			buildSettings = {
				BUNDLE_LOADER = "$(TEST_HOST)";
				CODE_SIGN_STYLE = Automatic;
				DEVELOPMENT_TEAM = KYCK2JYUQB;
				INFOPLIST_FILE = JobkaartTests/Info.plist;
				LD_RUNPATH_SEARCH_PATHS = "$(inherited) @executable_path/Frameworks @loader_path/Frameworks";
				PRODUCT_BUNDLE_IDENTIFIER = nl.lovocreations.JobkaartTests;
				PRODUCT_NAME = "$(TARGET_NAME)";
				TARGETED_DEVICE_FAMILY = "1,2";
				TEST_HOST = "$(BUILT_PRODUCTS_DIR)/Jobkaart.app/Jobkaart";
			};
			name = Debug;
		};
		EDFCEDB3206ACA520085DF5D /* Release */ = {
			isa = XCBuildConfiguration;
			buildSettings = {
				BUNDLE_LOADER = "$(TEST_HOST)";
				CODE_SIGN_STYLE = Automatic;
				DEVELOPMENT_TEAM = KYCK2JYUQB;
				INFOPLIST_FILE = JobkaartTests/Info.plist;
				LD_RUNPATH_SEARCH_PATHS = "$(inherited) @executable_path/Frameworks @loader_path/Frameworks";
				PRODUCT_BUNDLE_IDENTIFIER = nl.lovocreations.JobkaartTests;
				PRODUCT_NAME = "$(TARGET_NAME)";
				TARGETED_DEVICE_FAMILY = "1,2";
				TEST_HOST = "$(BUILT_PRODUCTS_DIR)/Jobkaart.app/Jobkaart";
			};
			name = Release;
		};
		EDFCEDB5206ACA520085DF5D /* Debug */ = {
			isa = XCBuildConfiguration;
			buildSettings = {
				CODE_SIGN_STYLE = Automatic;
				DEVELOPMENT_TEAM = KYCK2JYUQB;
				INFOPLIST_FILE = JobkaartUITests/Info.plist;
				LD_RUNPATH_SEARCH_PATHS = "$(inherited) @executable_path/Frameworks @loader_path/Frameworks";
				PRODUCT_BUNDLE_IDENTIFIER = nl.lovocreations.JobkaartUITests;
				PRODUCT_NAME = "$(TARGET_NAME)";
				TARGETED_DEVICE_FAMILY = "1,2";
				TEST_TARGET_NAME = Jobkaart;
			};
			name = Debug;
		};
		EDFCEDB6206ACA520085DF5D /* Release */ = {
			isa = XCBuildConfiguration;
			buildSettings = {
				CODE_SIGN_STYLE = Automatic;
				DEVELOPMENT_TEAM = KYCK2JYUQB;
				INFOPLIST_FILE = JobkaartUITests/Info.plist;
				LD_RUNPATH_SEARCH_PATHS = "$(inherited) @executable_path/Frameworks @loader_path/Frameworks";
				PRODUCT_BUNDLE_IDENTIFIER = nl.lovocreations.JobkaartUITests;
				PRODUCT_NAME = "$(TARGET_NAME)";
				TARGETED_DEVICE_FAMILY = "1,2";
				TEST_TARGET_NAME = Jobkaart;
			};
			name = Release;
		};
/* End XCBuildConfiguration section */

/* Begin XCConfigurationList section */
		EDFCED7D206ACA520085DF5D /* Build configuration list for PBXProject "Jobkaart" */ = {
			isa = XCConfigurationList;
			buildConfigurations = (
				EDFCEDAC206ACA520085DF5D /* Debug */,
				EDFCEDAD206ACA520085DF5D /* Release */,
			);
			defaultConfigurationIsVisible = 0;
			defaultConfigurationName = Release;
		};
		EDFCEDAE206ACA520085DF5D /* Build configuration list for PBXNativeTarget "Jobkaart" */ = {
			isa = XCConfigurationList;
			buildConfigurations = (
				EDFCEDAF206ACA520085DF5D /* Debug */,
				EDFCEDB0206ACA520085DF5D /* Release */,
			);
			defaultConfigurationIsVisible = 0;
			defaultConfigurationName = Release;
		};
		EDFCEDB1206ACA520085DF5D /* Build configuration list for PBXNativeTarget "JobkaartTests" */ = {
			isa = XCConfigurationList;
			buildConfigurations = (
				EDFCEDB2206ACA520085DF5D /* Debug */,
				EDFCEDB3206ACA520085DF5D /* Release */,
			);
			defaultConfigurationIsVisible = 0;
			defaultConfigurationName = Release;
		};
		EDFCEDB4206ACA520085DF5D /* Build configuration list for PBXNativeTarget "JobkaartUITests" */ = {
			isa = XCConfigurationList;
			buildConfigurations = (
				EDFCEDB5206ACA520085DF5D /* Debug */,
				EDFCEDB6206ACA520085DF5D /* Release */,
			);
			defaultConfigurationIsVisible = 0;
			defaultConfigurationName = Release;
		};
/* End XCConfigurationList section */
	};
	rootObject = EDFCED7A206ACA520085DF5D /* Project object */;
}
